{
    "requires": true,
    "lockfileVersion": 1,
    "dependencies": {
        "@material/animation": {
            "version": "10.0.0",
            "resolved": "https://registry.npmjs.org/@material/animation/-/animation-10.0.0.tgz",
            "integrity": "sha512-5e8e+W+n105rfSTRI5Mfmh9VMqzNG8+OhxjfDr7k0lYCfjbkT8LsAInonC5EotJzcaxD0vtDUqRqdW8xKIXNWg==",
            "requires": {
                "tslib": "^1.9.3"
            }
        },
        "@material/base": {
            "version": "10.0.0",
            "resolved": "https://registry.npmjs.org/@material/base/-/base-10.0.0.tgz",
            "integrity": "sha512-PQWNSsNYVvMcWKsRFHgs5JjsHuv6cTogdlp9uhx5ChdLNCkflpXlMKJ7aYfcl56fdLntWQbxXowLh1JAfrTrmg==",
            "requires": {
                "tslib": "^1.9.3"
            }
        },
        "@material/dom": {
            "version": "10.0.0",
            "resolved": "https://registry.npmjs.org/@material/dom/-/dom-10.0.0.tgz",
            "integrity": "sha512-rimaFIRsbacSjnk/1IqQZLOjoIWYhmuR6AZR35nkeAYg0H3DmLuNTGyAgsMaC8O/1vBcAp+c4N9WASkITCOE5A==",
            "requires": {
                "@material/feature-targeting": "^10.0.0",
                "tslib": "^1.9.3"
            }
        },
        "@material/elevation": {
            "version": "10.0.0",
            "resolved": "https://registry.npmjs.org/@material/elevation/-/elevation-10.0.0.tgz",
            "integrity": "sha512-D/CeTIkRmV9iLJDzUnKSt2FTM7SLv3ixQjindNaAEAaCdsaoUfx6Q2dRAlqQOL0y6yeTvvpxK9IFwu411J3xXw==",
            "requires": {
                "@material/animation": "^10.0.0",
                "@material/base": "^10.0.0",
                "@material/feature-targeting": "^10.0.0",
                "@material/theme": "^10.0.0"
            }
        },
        "@material/feature-targeting": {
            "version": "10.0.0",
            "resolved": "https://registry.npmjs.org/@material/feature-targeting/-/feature-targeting-10.0.0.tgz",
            "integrity": "sha512-Pn48jeeD2ScMq0NoR0k9SeC3UFOOTarKNIYxL+TkFRLGks/TgFoSIDRwXCzva/9umw9/Q2xOWrY/Gqs1zBIgOA=="
        },
        "@material/progress-indicator": {
            "version": "10.0.0",
            "resolved": "https://registry.npmjs.org/@material/progress-indicator/-/progress-indicator-10.0.0.tgz",
            "integrity": "sha512-s0IXhhyBBlfXoaN7WKKpsiw4qtG29JXTVhj0/IR2QdDx82QOTxYlQkclqBBlkr+H40LKmEYN7dUWJVWJf8QlMw==",
            "requires": {
                "tslib": "^1.9.3"
            }
        },
        "@material/ripple": {
            "version": "10.0.0",
            "resolved": "https://registry.npmjs.org/@material/ripple/-/ripple-10.0.0.tgz",
            "integrity": "sha512-KZPJ6YvLFJKkulUemKFq/Y3h9/Pbta+zOjBN1ZoeiP5++5thfsMJuL+L2bWa4GqUjSj66xW75LQrxX/ammCYzw==",
            "requires": {
                "@material/animation": "^10.0.0",
                "@material/base": "^10.0.0",
                "@material/dom": "^10.0.0",
                "@material/feature-targeting": "^10.0.0",
                "@material/theme": "^10.0.0",
                "tslib": "^1.9.3"
            }
        },
        "@material/rtl": {
            "version": "10.0.0",
            "resolved": "https://registry.npmjs.org/@material/rtl/-/rtl-10.0.0.tgz",
            "integrity": "sha512-887Dq0JrlRx5uwQ2Ku4Gig0e7iMIdKAAvvk/Wnglo9jFUvJE94rgSyyDLbwsN4vo1s33PwxHK1uWteALkzMQWw==",
            "requires": {
                "@material/theme": "^10.0.0"
            }
        },
        "@material/shape": {
            "version": "10.0.0",
            "resolved": "https://registry.npmjs.org/@material/shape/-/shape-10.0.0.tgz",
            "integrity": "sha512-2zUib2htoZz21ULa9lNd4llGOWlZcGLBKKJdNV6wsyPlqdh6SjEXf3Fz1BrWV6pQVW3fhnhn+oTFLMveV1mMZw==",
            "requires": {
                "@material/feature-targeting": "^10.0.0",
                "@material/rtl": "^10.0.0",
                "@material/theme": "^10.0.0"
            }
        },
        "@material/theme": {
            "version": "10.0.0",
            "resolved": "https://registry.npmjs.org/@material/theme/-/theme-10.0.0.tgz",
            "integrity": "sha512-ll5UFjPR6np4jgTzDQO85VQg6FgLM0Vy1MlyJVRr/kn+2adX5hDxiBOnuC9fTeVhIBBPjbAMOFPa6VhNmAmkvg==",
            "requires": {
                "@material/feature-targeting": "^10.0.0"
            }
        },
        "@material/top-app-bar": {
            "version": "10.0.0",
            "resolved": "https://registry.npmjs.org/@material/top-app-bar/-/top-app-bar-10.0.0.tgz",
            "integrity": "sha512-9UKxshyQw/FYX+V5qpsNcyU+4Z+3bvxa415jZkorq+ffoaIzKjc30zBGYcpQSAs2wwobiSp5srMmrTuU/x9k7A==",
            "requires": {
                "@material/animation": "^10.0.0",
                "@material/base": "^10.0.0",
                "@material/elevation": "^10.0.0",
                "@material/ripple": "^10.0.0",
                "@material/rtl": "^10.0.0",
                "@material/shape": "^10.0.0",
                "@material/theme": "^10.0.0",
                "@material/typography": "^10.0.0",
                "tslib": "^1.9.3"
            }
        },
        "@material/typography": {
            "version": "10.0.0",
            "resolved": "https://registry.npmjs.org/@material/typography/-/typography-10.0.0.tgz",
            "integrity": "sha512-RtFfL/mfOOkliL/iXY1YPrx8Rw1LZWQC4Jpn2zs04xM+AhhDOcD4Hek5xcvWFjhzEmPUz7yhCTWsMOmVtsXzig==",
            "requires": {
                "@material/feature-targeting": "^10.0.0",
                "@material/theme": "^10.0.0"
            }
        },
        "tslib": {
            "version": "1.14.1",
            "resolved": "https://registry.npmjs.org/tslib/-/tslib-1.14.1.tgz",
            "integrity": "sha512-Xni35NKzjgMrwevysHTCArtLDpPvye8zV/0E4EyYn43P7/7qvQwPh9BGkHewbMulVntbigmcT7rdX3BNo9wRJg=="
        }
    }
}
